
Microsoft Visual Studio Solution File, Format Version 12.00
# Visual Studio Version 16
VisualStudioVersion = 16.0.31911.196
MinimumVisualStudioVersion = 10.0.40219.1
Project("{FAE04EC0-301F-11D3-BF4B-00C04F79EFBC}") = "Engine", "Engine.csproj", "{1D5C6DE7-FD5F-4840-9E90-C28FE3520A38}"
EndProject
Global
	GlobalSection(SolutionConfigurationPlatforms) = preSolution
		Debug|Any CPU = Debug|Any CPU
		Release|Any CPU = Release|Any CPU
	EndGlobalSection
	GlobalSection(ProjectConfigurationPlatforms) = postSolution
		{1D5C6DE7-FD5F-4840-9E90-C28FE3520A38}.Debug|Any CPU.ActiveCfg = Debug|Any CPU
		{1D5C6DE7-FD5F-4840-9E90-C28FE3520A38}.Debug|Any CPU.Build.0 = Debug|Any CPU
		{1D5C6DE7-FD5F-4840-9E90-C28FE3520A38}.Release|Any CPU.ActiveCfg = Release|Any CPU
		{1D5C6DE7-FD5F-4840-9E90-C28FE3520A38}.Release|Any CPU.Build.0 = Release|Any CPU
	EndGlobalSection
	GlobalSection(SolutionProperties) = preSolution
		HideSolutionNode = FALSE
	EndGlobalSection
	GlobalSection(ExtensibilityGlobals) = postSolution
		SolutionGuid = {C8B5191C-6C4B-413F-907B-EC9A31623D18}
	EndGlobalSection
EndGlobal
